github.com/akashagg30/redis/server v0.0.0-20241211122112-f015ddc81836 h1:nEvxYUoIn1/prCUTnU1Iq2BPAuXNZUtroR/AsaK8CCM=
github.com/akashagg30/redis/server v0.0.0-20241211122112-f015ddc81836/go.mod h1:hLV06H30OzlGknTlAv3RYX6pXSmpGccJTsdO8c5GpNc=
github.com/akashagg30/redis/server v0.0.0-20241211123336-2cc7399f4ef6 h1:5pVEQvVber2gvKliyspE6Wtqb+5Q2Y3N59XJv2vD5XE=
github.com/akashagg30/redis/server v0.0.0-20241211123336-2cc7399f4ef6/go.mod h1:hLV06H30OzlGknTlAv3RYX6pXSmpGccJTsdO8c5GpNc=
